
Microsoft Visual Studio Solution File, Format Version 12.00
# Visual Studio Version 17
VisualStudioVersion = 17.6.33706.43
MinimumVisualStudioVersion = 10.0.40219.1
Project("{FAE04EC0-301F-11D3-BF4B-00C04F79EFBC}") = "EDA.Web.Api", "EDA.Web.Api\EDA.Web.Api.csproj", "{D7DF1E96-8044-4439-9C78-63968C428D52}"
EndProject
Global
	GlobalSection(SolutionConfigurationPlatforms) = preSolution
		Debug|Any CPU = Debug|Any CPU
		Release|Any CPU = Release|Any CPU
	EndGlobalSection
	GlobalSection(ProjectConfigurationPlatforms) = postSolution
		{D7DF1E96-8044-4439-9C78-63968C428D52}.Debug|Any CPU.ActiveCfg = Debug|Any CPU
		{D7DF1E96-8044-4439-9C78-63968C428D52}.Debug|Any CPU.Build.0 = Debug|Any CPU
		{D7DF1E96-8044-4439-9C78-63968C428D52}.Release|Any CPU.ActiveCfg = Release|Any CPU
		{D7DF1E96-8044-4439-9C78-63968C428D52}.Release|Any CPU.Build.0 = Release|Any CPU
	EndGlobalSection
	GlobalSection(SolutionProperties) = preSolution
		HideSolutionNode = FALSE
	EndGlobalSection
	GlobalSection(ExtensibilityGlobals) = postSolution
		SolutionGuid = {8DCF0A09-3026-4DB4-BECD-D11B5F4E2AE3}
	EndGlobalSection
EndGlobal
